{
  "name": "src",
  "version": "1.0.0",
  "lockfileVersion": 1,
  "requires": true,
  "dependencies": {
    "@babel/runtime": {
      "version": "7.9.6",
      "resolved": "https://registry.npmjs.org/@babel/runtime/-/runtime-7.9.6.tgz",
      "integrity": "sha512-64AF1xY3OAkFHqOb9s4jpgk1Mm5vDZ4L3acHvAml+53nO1XbXLuDodsVpO4OIUsmemlUHMxNdYMNJmsvOwLrvQ==",
      "requires": {
        "regenerator-runtime": "^0.13.4"
      }
    },
    "@medux/core": {
      "version": "1.0.7-alpha.12",
      "resolved": "https://registry.npmjs.org/@medux/core/-/core-1.0.7-alpha.12.tgz",
      "integrity": "sha512-srPLLrkKoAsDf4zJa6B7N5d9sxLpYnY2hJ0hrOyEF8YM3IgepKCWEB4LnaC+tPgtqStjRORdluyLBTs7s+DQRw==",
      "requires": {
        "@babel/runtime": "~7.9.0",
        "redux": "~4.0.5"
      }
    },
    "@medux/route-plan-a": {
      "version": "1.0.7-alpha.12",
      "resolved": "https://registry.npmjs.org/@medux/route-plan-a/-/route-plan-a-1.0.7-alpha.12.tgz",
      "integrity": "sha512-ThdoRqAEfIQyTNWhowZkj3THbqvxdZUmKmpxGRijr9SM0LsYod5CRIddj5pUSHyCfxXE2E7DVfJscxb7Qzbycw==",
      "requires": {
        "@babel/runtime": "~7.9.0",
        "@medux/core": "^1.0.7-alpha.12"
      }
    },
    "@medux/wechat": {
      "version": "1.0.7-alpha.12",
      "resolved": "https://registry.npmjs.org/@medux/wechat/-/wechat-1.0.7-alpha.12.tgz",
      "integrity": "sha512-3o6ke+/bqV1TeqPdPkiINbrWa40kZ4zF4DQehvJ94IIzGflEdEftpI+nzUWcbXDRctyg17davfZ1u8Sf0DvpMw==",
      "requires": {
        "@babel/runtime": "~7.9.0",
        "@medux/core": "^1.0.7-alpha.12",
        "@medux/route-plan-a": "^1.0.7-alpha.12"
      }
    },
    "@medux/wechat-redux-devtools": {
      "version": "1.0.2",
      "resolved": "https://registry.npmjs.org/@medux/wechat-redux-devtools/-/wechat-redux-devtools-1.0.2.tgz",
      "integrity": "sha512-EnXctCitwL7HQOlrOuhy65QEagVU4QAyqKECNPWg9U2llautdjEsyqzLPY7jTLisW0C57rgKb9ftoISj6p92HQ==",
      "requires": {
        "@babel/runtime": "~7.9.0"
      }
    },
    "@vant/weapp": {
      "version": "1.3.1",
      "resolved": "https://registry.npmjs.org/@vant/weapp/-/weapp-1.3.1.tgz",
      "integrity": "sha512-b4Kr1TUVRtoCKRphRvGYoQIKoSi2QBt3v4VrD6pwKOav3U3AVxKKLcqdCRkVMyTGsZrnwD/5se/HXcXA4ra9dg=="
    },
    "js-tokens": {
      "version": "4.0.0",
      "resolved": "https://registry.npmjs.org/js-tokens/-/js-tokens-4.0.0.tgz",
      "integrity": "sha512-RdJUflcE3cUzKiMqQgsCu06FPu9UdIJO0beYbPhHN4k6apgJtifcoCtT9bcxOpYBtpD2kCM6Sbzg4CausW/PKQ=="
    },
    "loose-envify": {
      "version": "1.4.0",
      "resolved": "https://registry.npmjs.org/loose-envify/-/loose-envify-1.4.0.tgz",
      "integrity": "sha512-lyuxPGr/Wfhrlem2CL/UcnUc1zcqKAImBDzukY7Y5F/yQiNdko6+fRLevlw1HgMySw7f611UIY408EtxRSoK3Q==",
      "requires": {
        "js-tokens": "^3.0.0 || ^4.0.0"
      }
    },
    "redux": {
      "version": "4.0.5",
      "resolved": "https://registry.npmjs.org/redux/-/redux-4.0.5.tgz",
      "integrity": "sha512-VSz1uMAH24DM6MF72vcojpYPtrTUu3ByVWfPL1nPfVRb5mZVTve5GnNCUV53QM/BZ66xfWrm0CTWoM+Xlz8V1w==",
      "requires": {
        "loose-envify": "^1.4.0",
        "symbol-observable": "^1.2.0"
      }
    },
    "regenerator-runtime": {
      "version": "0.13.5",
      "resolved": "https://registry.npmjs.org/regenerator-runtime/-/regenerator-runtime-0.13.5.tgz",
      "integrity": "sha512-ZS5w8CpKFinUzOwW3c83oPeVXoNsrLsaCoLtJvAClH135j/R77RuymhiSErhm2lKcwSCIpmvIWSbDkIfAqKQlA=="
    },
    "symbol-observable": {
      "version": "1.2.0",
      "resolved": "https://registry.npmjs.org/symbol-observable/-/symbol-observable-1.2.0.tgz",
      "integrity": "sha512-e900nM8RRtGhlV36KGEU9k65K3mPb1WV70OdjfxlG2EAuM1noi/E/BaW/uMhL7bPEssK8QV57vN3esixjUvcXQ=="
    }
  }
}
