# THIS IS AN AUTOGENERATED FILE. DO NOT EDIT THIS FILE DIRECTLY.
# yarn lockfile v1


"@babel/runtime@~7.9.0":
  version "7.9.6"
  resolved "https://registry.yarnpkg.com/@babel/runtime/-/runtime-7.9.6.tgz#a9102eb5cadedf3f31d08a9ecf294af7827ea29f"
  integrity sha512-64AF1xY3OAkFHqOb9s4jpgk1Mm5vDZ4L3acHvAml+53nO1XbXLuDodsVpO4OIUsmemlUHMxNdYMNJmsvOwLrvQ==
  dependencies:
    regenerator-runtime "^0.13.4"

"@medux/core@^1.1.0":
  version "1.1.0"
  resolved "https://registry.yarnpkg.com/@medux/core/-/core-1.1.0.tgz#24104789010fa15acb23b960122bd156002e6737"
  integrity sha512-OnbNEkPKwz0viHfXkgypkjKRRYY3SmSjdEsfbc2orjFaNlgVtsj3rKHD3aoWzXcIxLEeYaiwpCp9QmoXIEuGhQ==
  dependencies:
    "@babel/runtime" "~7.9.0"
    redux "~4.0.5"

"@medux/mini-program@^1.1.1-alpha.0":
  version "1.1.1-alpha.0"
  resolved "https://registry.yarnpkg.com/@medux/mini-program/-/mini-program-1.1.1-alpha.0.tgz#5a95f11eb3aadabd4d302acd7bb2ea5cdb7b81cd"
  integrity sha512-8wVO/XkXzEq/YLY347tqa8Y1CfD5nDOQ+0c3Aww8RknJk8bVhiYj6GSv5Yt44TXUC9utIRcwLIgymfkPkDRGjQ==
  dependencies:
    "@babel/runtime" "~7.9.0"
    "@medux/core" "^1.1.0"
    "@medux/route-plan-a" "^1.1.0"

"@medux/route-plan-a@^1.1.0":
  version "1.1.0"
  resolved "https://registry.yarnpkg.com/@medux/route-plan-a/-/route-plan-a-1.1.0.tgz#63da7a06e5390b14181f29fb0a529b5e8092f3f2"
  integrity sha512-emIUSGqQJ33L5tfN+yQri6rKeBuVV1FOGMj8B6S0IanaOaGMxwtkl9IRpji93M4tYndE3Hqcy5fUAxZbMODCWQ==
  dependencies:
    "@babel/runtime" "~7.9.0"
    "@medux/core" "^1.1.0"

"@medux/wechat-redux-devtools@~1.0.2":
  version "1.0.2"
  resolved "https://registry.yarnpkg.com/@medux/wechat-redux-devtools/-/wechat-redux-devtools-1.0.2.tgz#f97f3508284f11487ddae8a293c6f5c470a559b1"
  integrity sha512-EnXctCitwL7HQOlrOuhy65QEagVU4QAyqKECNPWg9U2llautdjEsyqzLPY7jTLisW0C57rgKb9ftoISj6p92HQ==
  dependencies:
    "@babel/runtime" "~7.9.0"

"@medux/wechat@~1.1.1-alpha.0":
  version "1.1.1-alpha.0"
  resolved "https://registry.yarnpkg.com/@medux/wechat/-/wechat-1.1.1-alpha.0.tgz#0b72bbabefd2085e9ae2c75f9b4946bb9cf67de3"
  integrity sha512-7Pdx/lQkvQIr9FRSMOmLHmVIE7ki++VhG0WnPilPDTgodFOSPYMB/hju64afvmdK8OstG3oK0ZhsvaxLlN08tA==
  dependencies:
    "@babel/runtime" "~7.9.0"
    "@medux/core" "^1.1.0"
    "@medux/mini-program" "^1.1.1-alpha.0"

"@vant/weapp@~1.3.2":
  version "1.3.3"
  resolved "https://registry.yarnpkg.com/@vant/weapp/-/weapp-1.3.3.tgz#e69850418f99d2bfff768b4c8c8712271eed7b75"
  integrity sha512-XZFRsam3QSnkbBRqdcldi1+VZtAtHbj92S7AF9dG/YpEN0FFEm+vDb881+xXkHFfzLPx509TriKWU6ktlNZSmw==

fast-deep-equal@^2.0.1:
  version "2.0.1"
  resolved "https://registry.yarnpkg.com/fast-deep-equal/-/fast-deep-equal-2.0.1.tgz#7b05218ddf9667bf7f370bf7fdb2cb15fdd0aa49"
  integrity sha1-ewUhjd+WZ79/Nwv3/bLLFf3Qqkk=

"js-tokens@^3.0.0 || ^4.0.0":
  version "4.0.0"
  resolved "https://registry.yarnpkg.com/js-tokens/-/js-tokens-4.0.0.tgz#19203fb59991df98e3a287050d4647cdeaf32499"
  integrity sha512-RdJUflcE3cUzKiMqQgsCu06FPu9UdIJO0beYbPhHN4k6apgJtifcoCtT9bcxOpYBtpD2kCM6Sbzg4CausW/PKQ==

loose-envify@^1.4.0:
  version "1.4.0"
  resolved "https://registry.yarnpkg.com/loose-envify/-/loose-envify-1.4.0.tgz#71ee51fa7be4caec1a63839f7e682d8132d30caf"
  integrity sha512-lyuxPGr/Wfhrlem2CL/UcnUc1zcqKAImBDzukY7Y5F/yQiNdko6+fRLevlw1HgMySw7f611UIY408EtxRSoK3Q==
  dependencies:
    js-tokens "^3.0.0 || ^4.0.0"

miniprogram-computed@~2.1.1:
  version "2.1.1"
  resolved "https://registry.yarnpkg.com/miniprogram-computed/-/miniprogram-computed-2.1.1.tgz#c393e967a8f6e5ee26a4205f69ae3eb9a23b7b07"
  integrity sha512-qf40nbcY8/vOqkKnAepKQY+mJn85sn7gsj8+RZI5hSmLYm0MicM25aQFjwrvjDAqASrfM1dSU9HMMyeFsh0XXQ==
  dependencies:
    fast-deep-equal "^2.0.1"
    rfdc "^1.1.4"

redux@~4.0.5:
  version "4.0.5"
  resolved "https://registry.yarnpkg.com/redux/-/redux-4.0.5.tgz#4db5de5816e17891de8a80c424232d06f051d93f"
  integrity sha512-VSz1uMAH24DM6MF72vcojpYPtrTUu3ByVWfPL1nPfVRb5mZVTve5GnNCUV53QM/BZ66xfWrm0CTWoM+Xlz8V1w==
  dependencies:
    loose-envify "^1.4.0"
    symbol-observable "^1.2.0"

regenerator-runtime@^0.13.4:
  version "0.13.5"
  resolved "https://registry.yarnpkg.com/regenerator-runtime/-/regenerator-runtime-0.13.5.tgz#d878a1d094b4306d10b9096484b33ebd55e26697"
  integrity sha512-ZS5w8CpKFinUzOwW3c83oPeVXoNsrLsaCoLtJvAClH135j/R77RuymhiSErhm2lKcwSCIpmvIWSbDkIfAqKQlA==

rfdc@^1.1.4:
  version "1.1.4"
  resolved "https://registry.yarnpkg.com/rfdc/-/rfdc-1.1.4.tgz#ba72cc1367a0ccd9cf81a870b3b58bd3ad07f8c2"
  integrity sha512-5C9HXdzK8EAqN7JDif30jqsBzavB7wLpaubisuQIGHWf2gUXSpzy6ArX/+Da8RjFpagWsCn+pIgxTMAmKw9Zug==

symbol-observable@^1.2.0:
  version "1.2.0"
  resolved "https://registry.yarnpkg.com/symbol-observable/-/symbol-observable-1.2.0.tgz#c22688aed4eab3cdc2dfeacbb561660560a00804"
  integrity sha512-e900nM8RRtGhlV36KGEU9k65K3mPb1WV70OdjfxlG2EAuM1noi/E/BaW/uMhL7bPEssK8QV57vN3esixjUvcXQ==
